{
  "name": "backend",
  "lockfileVersion": 3,
  "requires": true,
  "packages": {},
  "dependencies": {
    "@prisma/client": {
      "version": "6.5.0",
      "resolved": "",
      "integrity": ""
    },
    "bcryptjs": {
      "version": "2.4.3",
      "resolved": "",
      "integrity": ""
    },
    "cors": {
      "version": "2.8.5",
      "resolved": "",
      "integrity": ""
    },
    "dotenv": {
      "version": "16.4.5",
      "resolved": "",
      "integrity": ""
    },
    "express": {
      "version": "4.18.2",
      "resolved": "",
      "integrity": ""
    },
    "express-async-errors": {
      "version": "3.1.1",
      "resolved": "",
      "integrity": ""
    },
    "jsonwebtoken": {
      "version": "9.0.2",
      "resolved": "",
      "integrity": ""
    },
    "zod": {
      "version": "3.22.4",
      "resolved": "",
      "integrity": ""
    },
    "@types/bcryptjs": {
      "version": "2.4.6",
      "dev": true
    },
    "@types/cors": {
      "version": "2.8.17",
      "dev": true
    },
    "@types/express": {
      "version": "4.17.21",
      "dev": true
    },
    "@types/jsonwebtoken": {
      "version": "9.0.9",
      "dev": true
    },
    "@types/node": {
      "version": "20.17.30",
      "dev": true
    },
    "prisma": {
      "version": "6.5.0",
      "dev": true
    },
    "ts-node-dev": {
      "version": "2.0.0",
      "dev": true
    },
    "typescript": {
      "version": "5.3.3",
      "dev": true
    }
  }
}